<Solution>
  <Folder Name="/backend/" />
  <Folder Name="/backend/src/">
    <Project Path="backend/src/EmailSender.Api/EmailSender.Api.csproj" />
    <Project Path="backend/src/EmailSender.Core/EmailSender.Core.csproj" />
    <Project Path="backend/src/EmailSender.Infrastructure/EmailSender.Infrastructure.csproj" />
  </Folder>
</Solution>
